{
  "name": "anti-thrudd",
  "version": "1.0.0",
  "lockfileVersion": 3,
  "requires": true,
  "packages": {
    "": {
      "name": "anti-thrudd",
      "version": "1.0.0",
      "license": "ISC",
      "dependencies": {
        "lodash-node": "^3.3.1",
        "tuco": "^0.1.2"
      },
      "devDependencies": {}
    },
    "node_modules/lodash-node": {
      "version": "3.3.1",
      "license": "MIT"
    },
    "node_modules/tuco": {
      "version": "0.1.2"
    }
  }
}
